// !$*UTF8*$!
{
	archiveVersion = 1;
	classes = {
	};
	objectVersion = 46;
	objects = {

/* Begin PBXBuildFile section */
		14E26135AB7B286589B39EF0 /* libPods.a in Frameworks */ = {isa = PBXBuildFile; fileRef = 37F5F918CF714252480BAF45 /* libPods.a */; };
		C7A81B661B2806B100154676 /* main.m in Sources */ = {isa = PBXBuildFile; fileRef = C7A81B651B2806B100154676 /* main.m */; };
		C7A81B691B2806B100154676 /* AppDelegate.m in Sources */ = {isa = PBXBuildFile; fileRef = C7A81B681B2806B100154676 /* AppDelegate.m */; };
		C7A81B6C1B2806B100154676 /* ViewController.m in Sources */ = {isa = PBXBuildFile; fileRef = C7A81B6B1B2806B100154676 /* ViewController.m */; };
		C7A81B6F1B2806B100154676 /* Main.storyboard in Resources */ = {isa = PBXBuildFile; fileRef = C7A81B6D1B2806B100154676 /* Main.storyboard */; };
		C7A81B711B2806B100154676 /* Images.xcassets in Resources */ = {isa = PBXBuildFile; fileRef = C7A81B701B2806B100154676 /* Images.xcassets */; };
		C7A81B741B2806B100154676 /* LaunchScreen.xib in Resources */ = {isa = PBXBuildFile; fileRef = C7A81B721B2806B100154676 /* LaunchScreen.xib */; };
		C7A81B801B2806B100154676 /* BeerListNSScreenCastTests.m in Sources */ = {isa = PBXBuildFile; fileRef = C7A81B7F1B2806B100154676 /* BeerListNSScreenCastTests.m */; };
/* End PBXBuildFile section */

/* Begin PBXContainerItemProxy section */
		C7A81B7A1B2806B100154676 /* PBXContainerItemProxy */ = {
			isa = PBXContainerItemProxy;
			containerPortal = C7A81B581B2806B100154676 /* Project object */;
			proxyType = 1;
			remoteGlobalIDString = C7A81B5F1B2806B100154676;
			remoteInfo = BeerListNSScreenCast;
		};
/* End PBXContainerItemProxy section */

/* Begin PBXFileReference section */
		37F5F918CF714252480BAF45 /* libPods.a */ = {isa = PBXFileReference; explicitFileType = archive.ar; includeInIndex = 0; path = libPods.a; sourceTree = BUILT_PRODUCTS_DIR; };
		451E4DCBB24CB90AC3348152 /* Pods.release.xcconfig */ = {isa = PBXFileReference; includeInIndex = 1; lastKnownFileType = text.xcconfig; name = Pods.release.xcconfig; path = "Pods/Target Support Files/Pods/Pods.release.xcconfig"; sourceTree = "<group>"; };
		949A3CA582EF81044392EA22 /* Pods.debug.xcconfig */ = {isa = PBXFileReference; includeInIndex = 1; lastKnownFileType = text.xcconfig; name = Pods.debug.xcconfig; path = "Pods/Target Support Files/Pods/Pods.debug.xcconfig"; sourceTree = "<group>"; };
		C7A81B601B2806B100154676 /* BeerListNSScreenCast.app */ = {isa = PBXFileReference; explicitFileType = wrapper.application; includeInIndex = 0; path = BeerListNSScreenCast.app; sourceTree = BUILT_PRODUCTS_DIR; };
		C7A81B641B2806B100154676 /* Info.plist */ = {isa = PBXFileReference; lastKnownFileType = text.plist.xml; path = Info.plist; sourceTree = "<group>"; };
		C7A81B651B2806B100154676 /* main.m */ = {isa = PBXFileReference; lastKnownFileType = sourcecode.c.objc; path = main.m; sourceTree = "<group>"; };
		C7A81B671B2806B100154676 /* AppDelegate.h */ = {isa = PBXFileReference; lastKnownFileType = sourcecode.c.h; path = AppDelegate.h; sourceTree = "<group>"; };
		C7A81B681B2806B100154676 /* AppDelegate.m */ = {isa = PBXFileReference; lastKnownFileType = sourcecode.c.objc; path = AppDelegate.m; sourceTree = "<group>"; };
		C7A81B6A1B2806B100154676 /* ViewController.h */ = {isa = PBXFileReference; lastKnownFileType = sourcecode.c.h; path = ViewController.h; sourceTree = "<group>"; };
		C7A81B6B1B2806B100154676 /* ViewController.m */ = {isa = PBXFileReference; lastKnownFileType = sourcecode.c.objc; path = ViewController.m; sourceTree = "<group>"; };
		C7A81B6E1B2806B100154676 /* Base */ = {isa = PBXFileReference; lastKnownFileType = file.storyboard; name = Base; path = Base.lproj/Main.storyboard; sourceTree = "<group>"; };
		C7A81B701B2806B100154676 /* Images.xcassets */ = {isa = PBXFileReference; lastKnownFileType = folder.assetcatalog; path = Images.xcassets; sourceTree = "<group>"; };
		C7A81B731B2806B100154676 /* Base */ = {isa = PBXFileReference; lastKnownFileType = file.xib; name = Base; path = Base.lproj/LaunchScreen.xib; sourceTree = "<group>"; };
		C7A81B791B2806B100154676 /* BeerListNSScreenCastTests.xctest */ = {isa = PBXFileReference; explicitFileType = wrapper.cfbundle; includeInIndex = 0; path = BeerListNSScreenCastTests.xctest; sourceTree = BUILT_PRODUCTS_DIR; };
		C7A81B7E1B2806B100154676 /* Info.plist */ = {isa = PBXFileReference; lastKnownFileType = text.plist.xml; path = Info.plist; sourceTree = "<group>"; };
		C7A81B7F1B2806B100154676 /* BeerListNSScreenCastTests.m */ = {isa = PBXFileReference; lastKnownFileType = sourcecode.c.objc; path = BeerListNSScreenCastTests.m; sourceTree = "<group>"; };
/* End PBXFileReference section */

/* Begin PBXFrameworksBuildPhase section */
		C7A81B5D1B2806B100154676 /* Frameworks */ = {
			isa = PBXFrameworksBuildPhase;
			buildActionMask = 2147483647;
			files = (
				14E26135AB7B286589B39EF0 /* libPods.a in Frameworks */,
			);
			runOnlyForDeploymentPostprocessing = 0;
		};
		C7A81B761B2806B100154676 /* Frameworks */ = {
			isa = PBXFrameworksBuildPhase;
			buildActionMask = 2147483647;
			files = (
			);
			runOnlyForDeploymentPostprocessing = 0;
		};
/* End PBXFrameworksBuildPhase section */

/* Begin PBXGroup section */
		0C02A016DA31CBCCE72B99A5 /* Frameworks */ = {
			isa = PBXGroup;
			children = (
				37F5F918CF714252480BAF45 /* libPods.a */,
			);
			name = Frameworks;
			sourceTree = "<group>";
		};
		28BBADAA168DB139F3775326 /* Pods */ = {
			isa = PBXGroup;
			children = (
				949A3CA582EF81044392EA22 /* Pods.debug.xcconfig */,
				451E4DCBB24CB90AC3348152 /* Pods.release.xcconfig */,
			);
			name = Pods;
			sourceTree = "<group>";
		};
		C7A81B571B2806B100154676 = {
			isa = PBXGroup;
			children = (
				C7A81B621B2806B100154676 /* BeerListNSScreenCast */,
				C7A81B7C1B2806B100154676 /* BeerListNSScreenCastTests */,
				C7A81B611B2806B100154676 /* Products */,
				28BBADAA168DB139F3775326 /* Pods */,
				0C02A016DA31CBCCE72B99A5 /* Frameworks */,
			);
			sourceTree = "<group>";
		};
		C7A81B611B2806B100154676 /* Products */ = {
			isa = PBXGroup;
			children = (
				C7A81B601B2806B100154676 /* BeerListNSScreenCast.app */,
				C7A81B791B2806B100154676 /* BeerListNSScreenCastTests.xctest */,
			);
			name = Products;
			sourceTree = "<group>";
		};
		C7A81B621B2806B100154676 /* BeerListNSScreenCast */ = {
			isa = PBXGroup;
			children = (
				C7A81B671B2806B100154676 /* AppDelegate.h */,
				C7A81B681B2806B100154676 /* AppDelegate.m */,
				C7A81B6A1B2806B100154676 /* ViewController.h */,
				C7A81B6B1B2806B100154676 /* ViewController.m */,
				C7A81B6D1B2806B100154676 /* Main.storyboard */,
				C7A81B701B2806B100154676 /* Images.xcassets */,
				C7A81B721B2806B100154676 /* LaunchScreen.xib */,
				C7A81B631B2806B100154676 /* Supporting Files */,
			);
			path = BeerListNSScreenCast;
			sourceTree = "<group>";
		};
		C7A81B631B2806B100154676 /* Supporting Files */ = {
			isa = PBXGroup;
			children = (
				C7A81B641B2806B100154676 /* Info.plist */,
				C7A81B651B2806B100154676 /* main.m */,
			);
			name = "Supporting Files";
			sourceTree = "<group>";
		};
		C7A81B7C1B2806B100154676 /* BeerListNSScreenCastTests */ = {
			isa = PBXGroup;
			children = (
				C7A81B7F1B2806B100154676 /* BeerListNSScreenCastTests.m */,
				C7A81B7D1B2806B100154676 /* Supporting Files */,
			);
			path = BeerListNSScreenCastTests;
			sourceTree = "<group>";
		};
		C7A81B7D1B2806B100154676 /* Supporting Files */ = {
			isa = PBXGroup;
			children = (
				C7A81B7E1B2806B100154676 /* Info.plist */,
			);
			name = "Supporting Files";
			sourceTree = "<group>";
		};
/* End PBXGroup section */

/* Begin PBXNativeTarget section */
		C7A81B5F1B2806B100154676 /* BeerListNSScreenCast */ = {
			isa = PBXNativeTarget;
			buildConfigurationList = C7A81B831B2806B100154676 /* Build configuration list for PBXNativeTarget "BeerListNSScreenCast" */;
			buildPhases = (
				F5B48B90F5DB0116C6DD041D /* Check Pods Manifest.lock */,
				C7A81B5C1B2806B100154676 /* Sources */,
				C7A81B5D1B2806B100154676 /* Frameworks */,
				C7A81B5E1B2806B100154676 /* Resources */,
				29B0D39DB7E3B3B936227F98 /* Copy Pods Resources */,
			);
			buildRules = (
			);
			dependencies = (
			);
			name = BeerListNSScreenCast;
			productName = BeerListNSScreenCast;
			productReference = C7A81B601B2806B100154676 /* BeerListNSScreenCast.app */;
			productType = "com.apple.product-type.application";
		};
		C7A81B781B2806B100154676 /* BeerListNSScreenCastTests */ = {
			isa = PBXNativeTarget;
			buildConfigurationList = C7A81B861B2806B100154676 /* Build configuration list for PBXNativeTarget "BeerListNSScreenCastTests" */;
			buildPhases = (
				C7A81B751B2806B100154676 /* Sources */,
				C7A81B761B2806B100154676 /* Frameworks */,
				C7A81B771B2806B100154676 /* Resources */,
			);
			buildRules = (
			);
			dependencies = (
				C7A81B7B1B2806B100154676 /* PBXTargetDependency */,
			);
			name = BeerListNSScreenCastTests;
			productName = BeerListNSScreenCastTests;
			productReference = C7A81B791B2806B100154676 /* BeerListNSScreenCastTests.xctest */;
			productType = "com.apple.product-type.bundle.unit-test";
		};
/* End PBXNativeTarget section */

/* Begin PBXProject section */
		C7A81B581B2806B100154676 /* Project object */ = {
			isa = PBXProject;
			attributes = {
				LastUpgradeCheck = 0630;
				TargetAttributes = {
					C7A81B5F1B2806B100154676 = {
						CreatedOnToolsVersion = 6.3;
					};
					C7A81B781B2806B100154676 = {
						CreatedOnToolsVersion = 6.3;
						TestTargetID = C7A81B5F1B2806B100154676;
					};
				};
			};
			buildConfigurationList = C7A81B5B1B2806B100154676 /* Build configuration list for PBXProject "BeerListNSScreenCast" */;
			compatibilityVersion = "Xcode 3.2";
			developmentRegion = English;
			hasScannedForEncodings = 0;
			knownRegions = (
				en,
				Base,
			);
			mainGroup = C7A81B571B2806B100154676;
			productRefGroup = C7A81B611B2806B100154676 /* Products */;
			projectDirPath = "";
			projectRoot = "";
			targets = (
				C7A81B5F1B2806B100154676 /* BeerListNSScreenCast */,
				C7A81B781B2806B100154676 /* BeerListNSScreenCastTests */,
			);
		};
/* End PBXProject section */

/* Begin PBXResourcesBuildPhase section */
		C7A81B5E1B2806B100154676 /* Resources */ = {
			isa = PBXResourcesBuildPhase;
			buildActionMask = 2147483647;
			files = (
				C7A81B6F1B2806B100154676 /* Main.storyboard in Resources */,
				C7A81B741B2806B100154676 /* LaunchScreen.xib in Resources */,
				C7A81B711B2806B100154676 /* Images.xcassets in Resources */,
			);
			runOnlyForDeploymentPostprocessing = 0;
		};
		C7A81B771B2806B100154676 /* Resources */ = {
			isa = PBXResourcesBuildPhase;
			buildActionMask = 2147483647;
			files = (
			);
			runOnlyForDeploymentPostprocessing = 0;
		};
/* End PBXResourcesBuildPhase section */

/* Begin PBXShellScriptBuildPhase section */
		29B0D39DB7E3B3B936227F98 /* Copy Pods Resources */ = {
			isa = PBXShellScriptBuildPhase;
			buildActionMask = 2147483647;
			files = (
			);
			inputPaths = (
			);
			name = "Copy Pods Resources";
			outputPaths = (
			);
			runOnlyForDeploymentPostprocessing = 0;
			shellPath = /bin/sh;
			shellScript = "\"${SRCROOT}/Pods/Target Support Files/Pods/Pods-resources.sh\"\n";
			showEnvVarsInLog = 0;
		};
		F5B48B90F5DB0116C6DD041D /* Check Pods Manifest.lock */ = {
			isa = PBXShellScriptBuildPhase;
			buildActionMask = 2147483647;
			files = (
			);
			inputPaths = (
			);
			name = "Check Pods Manifest.lock";
			outputPaths = (
			);
			runOnlyForDeploymentPostprocessing = 0;
			shellPath = /bin/sh;
			shellScript = "diff \"${PODS_ROOT}/../Podfile.lock\" \"${PODS_ROOT}/Manifest.lock\" > /dev/null\nif [[ $? != 0 ]] ; then\n    cat << EOM\nerror: The sandbox is not in sync with the Podfile.lock. Run 'pod install' or update your CocoaPods installation.\nEOM\n    exit 1\nfi\n";
			showEnvVarsInLog = 0;
		};
/* End PBXShellScriptBuildPhase section */

/* Begin PBXSourcesBuildPhase section */
		C7A81B5C1B2806B100154676 /* Sources */ = {
			isa = PBXSourcesBuildPhase;
			buildActionMask = 2147483647;
			files = (
				C7A81B6C1B2806B100154676 /* ViewController.m in Sources */,
				C7A81B691B2806B100154676 /* AppDelegate.m in Sources */,
				C7A81B661B2806B100154676 /* main.m in Sources */,
			);
			runOnlyForDeploymentPostprocessing = 0;
		};
		C7A81B751B2806B100154676 /* Sources */ = {
			isa = PBXSourcesBuildPhase;
			buildActionMask = 2147483647;
			files = (
				C7A81B801B2806B100154676 /* BeerListNSScreenCastTests.m in Sources */,
			);
			runOnlyForDeploymentPostprocessing = 0;
		};
/* End PBXSourcesBuildPhase section */

/* Begin PBXTargetDependency section */
		C7A81B7B1B2806B100154676 /* PBXTargetDependency */ = {
			isa = PBXTargetDependency;
			target = C7A81B5F1B2806B100154676 /* BeerListNSScreenCast */;
			targetProxy = C7A81B7A1B2806B100154676 /* PBXContainerItemProxy */;
		};
/* End PBXTargetDependency section */

/* Begin PBXVariantGroup section */
		C7A81B6D1B2806B100154676 /* Main.storyboard */ = {
			isa = PBXVariantGroup;
			children = (
				C7A81B6E1B2806B100154676 /* Base */,
			);
			name = Main.storyboard;
			sourceTree = "<group>";
		};
		C7A81B721B2806B100154676 /* LaunchScreen.xib */ = {
			isa = PBXVariantGroup;
			children = (
				C7A81B731B2806B100154676 /* Base */,
			);
			name = LaunchScreen.xib;
			sourceTree = "<group>";
		};
/* End PBXVariantGroup section */

/* Begin XCBuildConfiguration section */
		C7A81B811B2806B100154676 /* Debug */ = {
			isa = XCBuildConfiguration;
			buildSettings = {
				ALWAYS_SEARCH_USER_PATHS = NO;
				CLANG_CXX_LANGUAGE_STANDARD = "gnu++0x";
				CLANG_CXX_LIBRARY = "libc++";
				CLANG_ENABLE_MODULES = YES;
				CLANG_ENABLE_OBJC_ARC = YES;
				CLANG_WARN_BOOL_CONVERSION = YES;
				CLANG_WARN_CONSTANT_CONVERSION = YES;
				CLANG_WARN_DIRECT_OBJC_ISA_USAGE = YES_ERROR;
				CLANG_WARN_EMPTY_BODY = YES;
				CLANG_WARN_ENUM_CONVERSION = YES;
				CLANG_WARN_INT_CONVERSION = YES;
				CLANG_WARN_OBJC_ROOT_CLASS = YES_ERROR;
				CLANG_WARN_UNREACHABLE_CODE = YES;
				CLANG_WARN__DUPLICATE_METHOD_MATCH = YES;
				"CODE_SIGN_IDENTITY[sdk=iphoneos*]" = "iPhone Developer";
				COPY_PHASE_STRIP = NO;
				DEBUG_INFORMATION_FORMAT = "dwarf-with-dsym";
				ENABLE_STRICT_OBJC_MSGSEND = YES;
				GCC_C_LANGUAGE_STANDARD = gnu99;
				GCC_DYNAMIC_NO_PIC = NO;
				GCC_NO_COMMON_BLOCKS = YES;
				GCC_OPTIMIZATION_LEVEL = 0;
				GCC_PREPROCESSOR_DEFINITIONS = (
					"DEBUG=1",
					"$(inherited)",
				);
				GCC_SYMBOLS_PRIVATE_EXTERN = NO;
				GCC_WARN_64_TO_32_BIT_CONVERSION = YES;
				GCC_WARN_ABOUT_RETURN_TYPE = YES_ERROR;
				GCC_WARN_UNDECLARED_SELECTOR = YES;
				GCC_WARN_UNINITIALIZED_AUTOS = YES_AGGRESSIVE;
				GCC_WARN_UNUSED_FUNCTION = YES;
				GCC_WARN_UNUSED_VARIABLE = YES;
				IPHONEOS_DEPLOYMENT_TARGET = 8.3;
				MTL_ENABLE_DEBUG_INFO = YES;
				ONLY_ACTIVE_ARCH = YES;
				SDKROOT = iphoneos;
			};
			name = Debug;
		};
		C7A81B821B2806B100154676 /* Release */ = {
			isa = XCBuildConfiguration;
			buildSettings = {
				ALWAYS_SEARCH_USER_PATHS = NO;
				CLANG_CXX_LANGUAGE_STANDARD = "gnu++0x";
				CLANG_CXX_LIBRARY = "libc++";
				CLANG_ENABLE_MODULES = YES;
				CLANG_ENABLE_OBJC_ARC = YES;
				CLANG_WARN_BOOL_CONVERSION = YES;
				CLANG_WARN_CONSTANT_CONVERSION = YES;
				CLANG_WARN_DIRECT_OBJC_ISA_USAGE = YES_ERROR;
				CLANG_WARN_EMPTY_BODY = YES;
				CLANG_WARN_ENUM_CONVERSION = YES;
				CLANG_WARN_INT_CONVERSION = YES;
				CLANG_WARN_OBJC_ROOT_CLASS = YES_ERROR;
				CLANG_WARN_UNREACHABLE_CODE = YES;
				CLANG_WARN__DUPLICATE_METHOD_MATCH = YES;
				"CODE_SIGN_IDENTITY[sdk=iphoneos*]" = "iPhone Developer";
				COPY_PHASE_STRIP = NO;
				DEBUG_INFORMATION_FORMAT = "dwarf-with-dsym";
				ENABLE_NS_ASSERTIONS = NO;
				ENABLE_STRICT_OBJC_MSGSEND = YES;
				GCC_C_LANGUAGE_STANDARD = gnu99;
				GCC_NO_COMMON_BLOCKS = YES;
				GCC_WARN_64_TO_32_BIT_CONVERSION = YES;
				GCC_WARN_ABOUT_RETURN_TYPE = YES_ERROR;
				GCC_WARN_UNDECLARED_SELECTOR = YES;
				GCC_WARN_UNINITIALIZED_AUTOS = YES_AGGRESSIVE;
				GCC_WARN_UNUSED_FUNCTION = YES;
				GCC_WARN_UNUSED_VARIABLE = YES;
				IPHONEOS_DEPLOYMENT_TARGET = 8.3;
				MTL_ENABLE_DEBUG_INFO = NO;
				SDKROOT = iphoneos;
				VALIDATE_PRODUCT = YES;
			};
			name = Release;
		};
		C7A81B841B2806B100154676 /* Debug */ = {
			isa = XCBuildConfiguration;
			baseConfigurationReference = 949A3CA582EF81044392EA22 /* Pods.debug.xcconfig */;
			buildSettings = {
				ASSETCATALOG_COMPILER_APPICON_NAME = AppIcon;
				INFOPLIST_FILE = BeerListNSScreenCast/Info.plist;
				LD_RUNPATH_SEARCH_PATHS = "$(inherited) @executable_path/Frameworks";
				PRODUCT_NAME = "$(TARGET_NAME)";
			};
			name = Debug;
		};
		C7A81B851B2806B100154676 /* Release */ = {
			isa = XCBuildConfiguration;
			baseConfigurationReference = 451E4DCBB24CB90AC3348152 /* Pods.release.xcconfig */;
			buildSettings = {
				ASSETCATALOG_COMPILER_APPICON_NAME = AppIcon;
				INFOPLIST_FILE = BeerListNSScreenCast/Info.plist;
				LD_RUNPATH_SEARCH_PATHS = "$(inherited) @executable_path/Frameworks";
				PRODUCT_NAME = "$(TARGET_NAME)";
			};
			name = Release;
		};
		C7A81B871B2806B100154676 /* Debug */ = {
			isa = XCBuildConfiguration;
			buildSettings = {
				BUNDLE_LOADER = "$(TEST_HOST)";
				FRAMEWORK_SEARCH_PATHS = (
					"$(SDKROOT)/Developer/Library/Frameworks",
					"$(inherited)",
				);
				GCC_PREPROCESSOR_DEFINITIONS = (
					"DEBUG=1",
					"$(inherited)",
				);
				INFOPLIST_FILE = BeerListNSScreenCastTests/Info.plist;
				LD_RUNPATH_SEARCH_PATHS = "$(inherited) @executable_path/Frameworks @loader_path/Frameworks";
				PRODUCT_NAME = "$(TARGET_NAME)";
				TEST_HOST = "$(BUILT_PRODUCTS_DIR)/BeerListNSScreenCast.app/BeerListNSScreenCast";
			};
			name = Debug;
		};
		C7A81B881B2806B100154676 /* Release */ = {
			isa = XCBuildConfiguration;
			buildSettings = {
				BUNDLE_LOADER = "$(TEST_HOST)";
				FRAMEWORK_SEARCH_PATHS = (
					"$(SDKROOT)/Developer/Library/Frameworks",
					"$(inherited)",
				);
				INFOPLIST_FILE = BeerListNSScreenCastTests/Info.plist;
				LD_RUNPATH_SEARCH_PATHS = "$(inherited) @executable_path/Frameworks @loader_path/Frameworks";
				PRODUCT_NAME = "$(TARGET_NAME)";
				TEST_HOST = "$(BUILT_PRODUCTS_DIR)/BeerListNSScreenCast.app/BeerListNSScreenCast";
			};
			name = Release;
		};
/* End XCBuildConfiguration section */

/* Begin XCConfigurationList section */
		C7A81B5B1B2806B100154676 /* Build configuration list for PBXProject "BeerListNSScreenCast" */ = {
			isa = XCConfigurationList;
			buildConfigurations = (
				C7A81B811B2806B100154676 /* Debug */,
				C7A81B821B2806B100154676 /* Release */,
			);
			defaultConfigurationIsVisible = 0;
			defaultConfigurationName = Release;
		};
		C7A81B831B2806B100154676 /* Build configuration list for PBXNativeTarget "BeerListNSScreenCast" */ = {
			isa = XCConfigurationList;
			buildConfigurations = (
				C7A81B841B2806B100154676 /* Debug */,
				C7A81B851B2806B100154676 /* Release */,
			);
			defaultConfigurationIsVisible = 0;
			defaultConfigurationName = Release;
		};
		C7A81B861B2806B100154676 /* Build configuration list for PBXNativeTarget "BeerListNSScreenCastTests" */ = {
			isa = XCConfigurationList;
			buildConfigurations = (
				C7A81B871B2806B100154676 /* Debug */,
				C7A81B881B2806B100154676 /* Release */,
			);
			defaultConfigurationIsVisible = 0;
			defaultConfigurationName = Release;
		};
/* End XCConfigurationList section */
	};
	rootObject = C7A81B581B2806B100154676 /* Project object */;
}
